
Microsoft Visual Studio Solution File, Format Version 10.00
# Visual Studio 2008
Project("{FAE04EC0-301F-11D3-BF4B-00C04F79EFBC}") = "IDAdmin", "IdAdmin\IDAdmin.csproj", "{03070E82-8E6D-48C3-8F4F-943DFA9803BA}"
EndProject
Project("{FAE04EC0-301F-11D3-BF4B-00C04F79EFBC}") = "IDAdmin.Lib", "IdAdmin.Lib\IDAdmin.Lib.csproj", "{03F1DACC-A9E9-4FE4-B6ED-4ACDD672D648}"
EndProject
Global
	GlobalSection(SubversionScc) = preSolution
		Svn-Managed = True
		Manager = AnkhSVN - Subversion Support for Visual Studio
	EndGlobalSection
	GlobalSection(SolutionConfigurationPlatforms) = preSolution
		Debug|Any CPU = Debug|Any CPU
		Release|Any CPU = Release|Any CPU
	EndGlobalSection
	GlobalSection(ProjectConfigurationPlatforms) = postSolution
		{03070E82-8E6D-48C3-8F4F-943DFA9803BA}.Debug|Any CPU.ActiveCfg = Debug|Any CPU
		{03070E82-8E6D-48C3-8F4F-943DFA9803BA}.Debug|Any CPU.Build.0 = Debug|Any CPU
		{03070E82-8E6D-48C3-8F4F-943DFA9803BA}.Release|Any CPU.ActiveCfg = Release|Any CPU
		{03070E82-8E6D-48C3-8F4F-943DFA9803BA}.Release|Any CPU.Build.0 = Release|Any CPU
		{03F1DACC-A9E9-4FE4-B6ED-4ACDD672D648}.Debug|Any CPU.ActiveCfg = Debug|Any CPU
		{03F1DACC-A9E9-4FE4-B6ED-4ACDD672D648}.Debug|Any CPU.Build.0 = Debug|Any CPU
		{03F1DACC-A9E9-4FE4-B6ED-4ACDD672D648}.Release|Any CPU.ActiveCfg = Release|Any CPU
		{03F1DACC-A9E9-4FE4-B6ED-4ACDD672D648}.Release|Any CPU.Build.0 = Release|Any CPU
	EndGlobalSection
	GlobalSection(SolutionProperties) = preSolution
		HideSolutionNode = FALSE
	EndGlobalSection
EndGlobal
